
Microsoft Visual Studio Solution File, Format Version 12.00
# Visual Studio Version 17
VisualStudioVersion = 17.11.35327.3
MinimumVisualStudioVersion = 10.0.40219.1
Project("{9A19103F-16F7-4668-BE54-9A1E7A4F7556}") = "OOADBowlinghallUppgift", "OOADBowlinghallUppgift\OOADBowlinghallUppgift.csproj", "{43FBCF2D-994D-490A-AC3F-576B76ADE7B1}"
EndProject
Global
	GlobalSection(SolutionConfigurationPlatforms) = preSolution
		Debug|Any CPU = Debug|Any CPU
		Release|Any CPU = Release|Any CPU
	EndGlobalSection
	GlobalSection(ProjectConfigurationPlatforms) = postSolution
		{43FBCF2D-994D-490A-AC3F-576B76ADE7B1}.Debug|Any CPU.ActiveCfg = Debug|Any CPU
		{43FBCF2D-994D-490A-AC3F-576B76ADE7B1}.Debug|Any CPU.Build.0 = Debug|Any CPU
		{43FBCF2D-994D-490A-AC3F-576B76ADE7B1}.Release|Any CPU.ActiveCfg = Release|Any CPU
		{43FBCF2D-994D-490A-AC3F-576B76ADE7B1}.Release|Any CPU.Build.0 = Release|Any CPU
	EndGlobalSection
	GlobalSection(SolutionProperties) = preSolution
		HideSolutionNode = FALSE
	EndGlobalSection
	GlobalSection(ExtensibilityGlobals) = postSolution
		SolutionGuid = {84CBAB67-D7E1-4808-858B-99C92BB265A2}
	EndGlobalSection
EndGlobal
